github.com/google/uuid v1.3.1 h1:KjJaJ9iWZ3jOFZIf1Lqf4laDRCasjl0BCmnEGxkdLb4=
github.com/google/uuid v1.3.1/go.mod h1:TIyPZe4MgqvfeYDBFedMoGGpEw/LqOeaOT+nhxU+yHo=
github.com/google/uuid v1.4.0 h1:MtMxsa51/r9yyhkyLsVeVt0B+BGQZzpQiTQ4eHZ8bc4=
github.com/google/uuid v1.4.0/go.mod h1:TIyPZe4MgqvfeYDBFedMoGGpEw/LqOeaOT+nhxU+yHo=
github.com/kirill-scherba/bslice v0.0.2 h1:ZuP0jBWKB+a6l7J6yB5bmWdm3SB6m/nfE5hKpLksH+A=
github.com/kirill-scherba/bslice v0.0.2/go.mod h1:oMZe3puDpM84VyI0S0qc2XrepyxKJIwEovbNRJPyuTw=
github.com/kirill-scherba/stable v0.0.8 h1:m0GM5FCx1SJkai1o6kfQI0lKUWeupQGTicqb8EIPorg=
github.com/kirill-scherba/stable v0.0.8/go.mod h1:Le2T16xIQmb9c9xzDVSqf7bWvpzo1pbDQLeD0s7qxZU=
github.com/teonet-go/tru v0.0.18 h1:4BR9zpqY0jMmTXsXzyCc4DokMucnqLcsMD+C9uilDro=
github.com/teonet-go/tru v0.0.18/go.mod h1:xCKC3B0JbfE2C8OliN/CJ7R1gGQbnTIKKWLBaC4oBLY=
golang.org/x/sys v0.13.0 h1:Af8nKPmuFypiUBjVoU9V20FiaFXOcuZI21p0ycVYYGE=
golang.org/x/sys v0.13.0/go.mod h1:oPkhp1MJrh7nUepCBck5+mAzfO9JrbApNNgaTdGDITg=
golang.org/x/sys v0.14.0 h1:Vz7Qs629MkJkGyHxUlRHizWJRG2j8fbQKjELVSNhy7Q=
golang.org/x/sys v0.14.0/go.mod h1:/VUhepiaJMQUp4+oa/7Zr1D23ma6VTLIYjOOTFZPUcA=
