github.com/chzyer/logex v1.2.0 h1:+eqR0HfOetur4tgnC8ftU5imRnhi4te+BadWS95c5AM=
github.com/chzyer/logex v1.2.0/go.mod h1:9+9sk7u7pGNWYMkh0hdiL++6OeibzJccyQU4p4MedaY=
github.com/chzyer/readline v0.0.0-20180603132655-2972be24d48e h1:fY5BOSpyZCqRo5OhCuC+XN+r/bBCmeuuJtjz+bCNIf8=
github.com/chzyer/readline v0.0.0-20180603132655-2972be24d48e/go.mod h1:nSuG5e5PlCu98SY8svDHJxuZscDgtXS6KTTbou5AhLI=
github.com/chzyer/test v0.0.0-20210722231415-061457976a23 h1:dZ0/VyGgQdVGAss6Ju0dt5P0QltE0SFY5Woh6hbIfiQ=
github.com/chzyer/test v0.0.0-20210722231415-061457976a23/go.mod h1:Q3SI9o4m/ZMnBNeIyt5eFwwo7qiLfzFZmjNmxjkiQlU=
github.com/denisbrodbeck/machineid v1.0.1 h1:geKr9qtkB876mXguW2X6TU4ZynleN6ezuMSRhl4D7AQ=
github.com/denisbrodbeck/machineid v1.0.1/go.mod h1:dJUwb7PTidGDeYyUBmXZ2GphQBbjJCrnectwCyxcUSI=
github.com/google/uuid v1.3.0 h1:t6JiXgmwXMjEs8VusXIJk2BXHsn+wx8BZdTaoZ5fu7I=
github.com/google/uuid v1.3.0/go.mod h1:TIyPZe4MgqvfeYDBFedMoGGpEw/LqOeaOT+nhxU+yHo=
github.com/kirill-scherba/bslice v0.0.2 h1:ZuP0jBWKB+a6l7J6yB5bmWdm3SB6m/nfE5hKpLksH+A=
github.com/kirill-scherba/bslice v0.0.2/go.mod h1:oMZe3puDpM84VyI0S0qc2XrepyxKJIwEovbNRJPyuTw=
github.com/kirill-scherba/stable v0.0.8 h1:m0GM5FCx1SJkai1o6kfQI0lKUWeupQGTicqb8EIPorg=
github.com/kirill-scherba/stable v0.0.8/go.mod h1:Le2T16xIQmb9c9xzDVSqf7bWvpzo1pbDQLeD0s7qxZU=
github.com/teonet-go/teomon v0.5.14 h1:iYWj2x4oQD7rOp1vu/OMR0dcELEPWhJDcWDx32GvE+A=
github.com/teonet-go/teomon v0.5.14/go.mod h1:GzmuSJWL+tMiN4HvT1fZoqp/mfN8bX7p5R9bxv8JAhM=
github.com/teonet-go/tru v0.0.18 h1:4BR9zpqY0jMmTXsXzyCc4DokMucnqLcsMD+C9uilDro=
github.com/teonet-go/tru v0.0.18/go.mod h1:xCKC3B0JbfE2C8OliN/CJ7R1gGQbnTIKKWLBaC4oBLY=
golang.org/x/sys v0.11.0 h1:eG7RXZHdqOJ1i+0lgLgCpSXAp6M3LYlAo6osgSi0xOM=
golang.org/x/sys v0.11.0/go.mod h1:oPkhp1MJrh7nUepCBck5+mAzfO9JrbApNNgaTdGDITg=
